
Microsoft Visual Studio Solution File, Format Version 12.00
# Visual Studio Version 17
VisualStudioVersion = 17.8.34408.163
MinimumVisualStudioVersion = 10.0.40219.1
Project("{FAE04EC0-301F-11D3-BF4B-00C04F79EFBC}") = "Marvel.UWP", "Marvel.UWP\Marvel.UWP.csproj", "{D169A636-4360-4CA5-A0FC-050DD1A9CEEF}"
EndProject
Project("{FAE04EC0-301F-11D3-BF4B-00C04F79EFBC}") = "Marvel.Android", "Marvel.Android\Marvel.Android.csproj", "{AEBE5FBA-DC6C-4682-B456-F9C61DA9EC64}"
EndProject
Project("{FAE04EC0-301F-11D3-BF4B-00C04F79EFBC}") = "Marvel.iOS", "Marvel.iOS\Marvel.iOS.csproj", "{89F3C397-D534-496F-A9BF-5CACDB2A26F7}"
EndProject
Project("{FAE04EC0-301F-11D3-BF4B-00C04F79EFBC}") = "Marvel", "Marvel\Marvel.csproj", "{70AE58A2-4BA2-4F5C-8A9F-9395D602955F}"
EndProject
Global
	GlobalSection(SolutionConfigurationPlatforms) = preSolution
		Debug|Any CPU = Debug|Any CPU
		Debug|ARM = Debug|ARM
		Debug|iPhone = Debug|iPhone
		Debug|iPhoneSimulator = Debug|iPhoneSimulator
		Debug|x64 = Debug|x64
		Debug|x86 = Debug|x86
		Release|Any CPU = Release|Any CPU
		Release|ARM = Release|ARM
		Release|iPhone = Release|iPhone
		Release|iPhoneSimulator = Release|iPhoneSimulator
		Release|x64 = Release|x64
		Release|x86 = Release|x86
	EndGlobalSection
	GlobalSection(ProjectConfigurationPlatforms) = postSolution
		{D169A636-4360-4CA5-A0FC-050DD1A9CEEF}.Debug|Any CPU.ActiveCfg = Debug|x64
		{D169A636-4360-4CA5-A0FC-050DD1A9CEEF}.Debug|Any CPU.Build.0 = Debug|x64
		{D169A636-4360-4CA5-A0FC-050DD1A9CEEF}.Debug|Any CPU.Deploy.0 = Debug|x64
		{D169A636-4360-4CA5-A0FC-050DD1A9CEEF}.Debug|ARM.ActiveCfg = Debug|ARM
		{D169A636-4360-4CA5-A0FC-050DD1A9CEEF}.Debug|ARM.Build.0 = Debug|ARM
		{D169A636-4360-4CA5-A0FC-050DD1A9CEEF}.Debug|ARM.Deploy.0 = Debug|ARM
		{D169A636-4360-4CA5-A0FC-050DD1A9CEEF}.Debug|iPhone.ActiveCfg = Debug|x64
		{D169A636-4360-4CA5-A0FC-050DD1A9CEEF}.Debug|iPhone.Build.0 = Debug|x64
		{D169A636-4360-4CA5-A0FC-050DD1A9CEEF}.Debug|iPhone.Deploy.0 = Debug|x64
		{D169A636-4360-4CA5-A0FC-050DD1A9CEEF}.Debug|iPhoneSimulator.ActiveCfg = Debug|x64
		{D169A636-4360-4CA5-A0FC-050DD1A9CEEF}.Debug|iPhoneSimulator.Build.0 = Debug|x64
		{D169A636-4360-4CA5-A0FC-050DD1A9CEEF}.Debug|iPhoneSimulator.Deploy.0 = Debug|x64
		{D169A636-4360-4CA5-A0FC-050DD1A9CEEF}.Debug|x64.ActiveCfg = Debug|x64
		{D169A636-4360-4CA5-A0FC-050DD1A9CEEF}.Debug|x64.Build.0 = Debug|x64
		{D169A636-4360-4CA5-A0FC-050DD1A9CEEF}.Debug|x64.Deploy.0 = Debug|x64
		{D169A636-4360-4CA5-A0FC-050DD1A9CEEF}.Debug|x86.ActiveCfg = Debug|x86
		{D169A636-4360-4CA5-A0FC-050DD1A9CEEF}.Debug|x86.Build.0 = Debug|x86
		{D169A636-4360-4CA5-A0FC-050DD1A9CEEF}.Debug|x86.Deploy.0 = Debug|x86
		{D169A636-4360-4CA5-A0FC-050DD1A9CEEF}.Release|Any CPU.ActiveCfg = Release|x64
		{D169A636-4360-4CA5-A0FC-050DD1A9CEEF}.Release|Any CPU.Build.0 = Release|x64
		{D169A636-4360-4CA5-A0FC-050DD1A9CEEF}.Release|Any CPU.Deploy.0 = Release|x64
		{D169A636-4360-4CA5-A0FC-050DD1A9CEEF}.Release|ARM.ActiveCfg = Release|ARM
		{D169A636-4360-4CA5-A0FC-050DD1A9CEEF}.Release|ARM.Build.0 = Release|ARM
		{D169A636-4360-4CA5-A0FC-050DD1A9CEEF}.Release|ARM.Deploy.0 = Release|ARM
		{D169A636-4360-4CA5-A0FC-050DD1A9CEEF}.Release|iPhone.ActiveCfg = Release|x64
		{D169A636-4360-4CA5-A0FC-050DD1A9CEEF}.Release|iPhone.Build.0 = Release|x64
		{D169A636-4360-4CA5-A0FC-050DD1A9CEEF}.Release|iPhone.Deploy.0 = Release|x64
		{D169A636-4360-4CA5-A0FC-050DD1A9CEEF}.Release|iPhoneSimulator.ActiveCfg = Release|x64
		{D169A636-4360-4CA5-A0FC-050DD1A9CEEF}.Release|iPhoneSimulator.Build.0 = Release|x64
		{D169A636-4360-4CA5-A0FC-050DD1A9CEEF}.Release|iPhoneSimulator.Deploy.0 = Release|x64
		{D169A636-4360-4CA5-A0FC-050DD1A9CEEF}.Release|x64.ActiveCfg = Release|x64
		{D169A636-4360-4CA5-A0FC-050DD1A9CEEF}.Release|x64.Build.0 = Release|x64
		{D169A636-4360-4CA5-A0FC-050DD1A9CEEF}.Release|x64.Deploy.0 = Release|x64
		{D169A636-4360-4CA5-A0FC-050DD1A9CEEF}.Release|x86.ActiveCfg = Release|x86
		{D169A636-4360-4CA5-A0FC-050DD1A9CEEF}.Release|x86.Build.0 = Release|x86
		{D169A636-4360-4CA5-A0FC-050DD1A9CEEF}.Release|x86.Deploy.0 = Release|x86
		{AEBE5FBA-DC6C-4682-B456-F9C61DA9EC64}.Debug|Any CPU.ActiveCfg = Debug|Any CPU
		{AEBE5FBA-DC6C-4682-B456-F9C61DA9EC64}.Debug|Any CPU.Build.0 = Debug|Any CPU
		{AEBE5FBA-DC6C-4682-B456-F9C61DA9EC64}.Debug|Any CPU.Deploy.0 = Debug|Any CPU
		{AEBE5FBA-DC6C-4682-B456-F9C61DA9EC64}.Debug|ARM.ActiveCfg = Debug|Any CPU
		{AEBE5FBA-DC6C-4682-B456-F9C61DA9EC64}.Debug|ARM.Build.0 = Debug|Any CPU
		{AEBE5FBA-DC6C-4682-B456-F9C61DA9EC64}.Debug|ARM.Deploy.0 = Debug|Any CPU
		{AEBE5FBA-DC6C-4682-B456-F9C61DA9EC64}.Debug|iPhone.ActiveCfg = Debug|Any CPU
		{AEBE5FBA-DC6C-4682-B456-F9C61DA9EC64}.Debug|iPhone.Build.0 = Debug|Any CPU
		{AEBE5FBA-DC6C-4682-B456-F9C61DA9EC64}.Debug|iPhone.Deploy.0 = Debug|Any CPU
		{AEBE5FBA-DC6C-4682-B456-F9C61DA9EC64}.Debug|iPhoneSimulator.ActiveCfg = Debug|Any CPU
		{AEBE5FBA-DC6C-4682-B456-F9C61DA9EC64}.Debug|iPhoneSimulator.Build.0 = Debug|Any CPU
		{AEBE5FBA-DC6C-4682-B456-F9C61DA9EC64}.Debug|iPhoneSimulator.Deploy.0 = Debug|Any CPU
		{AEBE5FBA-DC6C-4682-B456-F9C61DA9EC64}.Debug|x64.ActiveCfg = Debug|Any CPU
		{AEBE5FBA-DC6C-4682-B456-F9C61DA9EC64}.Debug|x64.Build.0 = Debug|Any CPU
		{AEBE5FBA-DC6C-4682-B456-F9C61DA9EC64}.Debug|x64.Deploy.0 = Debug|Any CPU
		{AEBE5FBA-DC6C-4682-B456-F9C61DA9EC64}.Debug|x86.ActiveCfg = Debug|Any CPU
		{AEBE5FBA-DC6C-4682-B456-F9C61DA9EC64}.Debug|x86.Build.0 = Debug|Any CPU
		{AEBE5FBA-DC6C-4682-B456-F9C61DA9EC64}.Debug|x86.Deploy.0 = Debug|Any CPU
		{AEBE5FBA-DC6C-4682-B456-F9C61DA9EC64}.Release|Any CPU.ActiveCfg = Release|Any CPU
		{AEBE5FBA-DC6C-4682-B456-F9C61DA9EC64}.Release|Any CPU.Build.0 = Release|Any CPU
		{AEBE5FBA-DC6C-4682-B456-F9C61DA9EC64}.Release|Any CPU.Deploy.0 = Release|Any CPU
		{AEBE5FBA-DC6C-4682-B456-F9C61DA9EC64}.Release|ARM.ActiveCfg = Release|Any CPU
		{AEBE5FBA-DC6C-4682-B456-F9C61DA9EC64}.Release|ARM.Build.0 = Release|Any CPU
		{AEBE5FBA-DC6C-4682-B456-F9C61DA9EC64}.Release|ARM.Deploy.0 = Release|Any CPU
		{AEBE5FBA-DC6C-4682-B456-F9C61DA9EC64}.Release|iPhone.ActiveCfg = Release|Any CPU
		{AEBE5FBA-DC6C-4682-B456-F9C61DA9EC64}.Release|iPhone.Build.0 = Release|Any CPU
		{AEBE5FBA-DC6C-4682-B456-F9C61DA9EC64}.Release|iPhone.Deploy.0 = Release|Any CPU
		{AEBE5FBA-DC6C-4682-B456-F9C61DA9EC64}.Release|iPhoneSimulator.ActiveCfg = Release|Any CPU
		{AEBE5FBA-DC6C-4682-B456-F9C61DA9EC64}.Release|iPhoneSimulator.Build.0 = Release|Any CPU
		{AEBE5FBA-DC6C-4682-B456-F9C61DA9EC64}.Release|iPhoneSimulator.Deploy.0 = Release|Any CPU
		{AEBE5FBA-DC6C-4682-B456-F9C61DA9EC64}.Release|x64.ActiveCfg = Release|Any CPU
		{AEBE5FBA-DC6C-4682-B456-F9C61DA9EC64}.Release|x64.Build.0 = Release|Any CPU
		{AEBE5FBA-DC6C-4682-B456-F9C61DA9EC64}.Release|x64.Deploy.0 = Release|Any CPU
		{AEBE5FBA-DC6C-4682-B456-F9C61DA9EC64}.Release|x86.ActiveCfg = Release|Any CPU
		{AEBE5FBA-DC6C-4682-B456-F9C61DA9EC64}.Release|x86.Build.0 = Release|Any CPU
		{AEBE5FBA-DC6C-4682-B456-F9C61DA9EC64}.Release|x86.Deploy.0 = Release|Any CPU
		{89F3C397-D534-496F-A9BF-5CACDB2A26F7}.Debug|Any CPU.ActiveCfg = Debug|iPhoneSimulator
		{89F3C397-D534-496F-A9BF-5CACDB2A26F7}.Debug|Any CPU.Build.0 = Debug|iPhoneSimulator
		{89F3C397-D534-496F-A9BF-5CACDB2A26F7}.Debug|Any CPU.Deploy.0 = Debug|iPhoneSimulator
		{89F3C397-D534-496F-A9BF-5CACDB2A26F7}.Debug|ARM.ActiveCfg = Debug|iPhoneSimulator
		{89F3C397-D534-496F-A9BF-5CACDB2A26F7}.Debug|ARM.Build.0 = Debug|iPhoneSimulator
		{89F3C397-D534-496F-A9BF-5CACDB2A26F7}.Debug|ARM.Deploy.0 = Debug|iPhoneSimulator
		{89F3C397-D534-496F-A9BF-5CACDB2A26F7}.Debug|iPhone.ActiveCfg = Debug|iPhone
		{89F3C397-D534-496F-A9BF-5CACDB2A26F7}.Debug|iPhone.Build.0 = Debug|iPhone
		{89F3C397-D534-496F-A9BF-5CACDB2A26F7}.Debug|iPhone.Deploy.0 = Debug|iPhone
		{89F3C397-D534-496F-A9BF-5CACDB2A26F7}.Debug|iPhoneSimulator.ActiveCfg = Debug|iPhoneSimulator
		{89F3C397-D534-496F-A9BF-5CACDB2A26F7}.Debug|iPhoneSimulator.Build.0 = Debug|iPhoneSimulator
		{89F3C397-D534-496F-A9BF-5CACDB2A26F7}.Debug|iPhoneSimulator.Deploy.0 = Debug|iPhoneSimulator
		{89F3C397-D534-496F-A9BF-5CACDB2A26F7}.Debug|x64.ActiveCfg = Debug|iPhone
		{89F3C397-D534-496F-A9BF-5CACDB2A26F7}.Debug|x64.Build.0 = Debug|iPhone
		{89F3C397-D534-496F-A9BF-5CACDB2A26F7}.Debug|x64.Deploy.0 = Debug|iPhone
		{89F3C397-D534-496F-A9BF-5CACDB2A26F7}.Debug|x86.ActiveCfg = Debug|iPhoneSimulator
		{89F3C397-D534-496F-A9BF-5CACDB2A26F7}.Debug|x86.Build.0 = Debug|iPhoneSimulator
		{89F3C397-D534-496F-A9BF-5CACDB2A26F7}.Debug|x86.Deploy.0 = Debug|iPhoneSimulator
		{89F3C397-D534-496F-A9BF-5CACDB2A26F7}.Release|Any CPU.ActiveCfg = Release|iPhoneSimulator
		{89F3C397-D534-496F-A9BF-5CACDB2A26F7}.Release|Any CPU.Build.0 = Release|iPhoneSimulator
		{89F3C397-D534-496F-A9BF-5CACDB2A26F7}.Release|Any CPU.Deploy.0 = Release|iPhoneSimulator
		{89F3C397-D534-496F-A9BF-5CACDB2A26F7}.Release|ARM.ActiveCfg = Release|iPhoneSimulator
		{89F3C397-D534-496F-A9BF-5CACDB2A26F7}.Release|ARM.Build.0 = Release|iPhoneSimulator
		{89F3C397-D534-496F-A9BF-5CACDB2A26F7}.Release|ARM.Deploy.0 = Release|iPhoneSimulator
		{89F3C397-D534-496F-A9BF-5CACDB2A26F7}.Release|iPhone.ActiveCfg = Release|iPhone
		{89F3C397-D534-496F-A9BF-5CACDB2A26F7}.Release|iPhone.Build.0 = Release|iPhone
		{89F3C397-D534-496F-A9BF-5CACDB2A26F7}.Release|iPhone.Deploy.0 = Release|iPhone
		{89F3C397-D534-496F-A9BF-5CACDB2A26F7}.Release|iPhoneSimulator.ActiveCfg = Release|iPhoneSimulator
		{89F3C397-D534-496F-A9BF-5CACDB2A26F7}.Release|iPhoneSimulator.Build.0 = Release|iPhoneSimulator
		{89F3C397-D534-496F-A9BF-5CACDB2A26F7}.Release|iPhoneSimulator.Deploy.0 = Release|iPhoneSimulator
		{89F3C397-D534-496F-A9BF-5CACDB2A26F7}.Release|x64.ActiveCfg = Release|iPhoneSimulator
		{89F3C397-D534-496F-A9BF-5CACDB2A26F7}.Release|x64.Build.0 = Release|iPhoneSimulator
		{89F3C397-D534-496F-A9BF-5CACDB2A26F7}.Release|x64.Deploy.0 = Release|iPhoneSimulator
		{89F3C397-D534-496F-A9BF-5CACDB2A26F7}.Release|x86.ActiveCfg = Release|iPhoneSimulator
		{89F3C397-D534-496F-A9BF-5CACDB2A26F7}.Release|x86.Build.0 = Release|iPhoneSimulator
		{89F3C397-D534-496F-A9BF-5CACDB2A26F7}.Release|x86.Deploy.0 = Release|iPhoneSimulator
		{70AE58A2-4BA2-4F5C-8A9F-9395D602955F}.Debug|Any CPU.ActiveCfg = Debug|Any CPU
		{70AE58A2-4BA2-4F5C-8A9F-9395D602955F}.Debug|Any CPU.Build.0 = Debug|Any CPU
		{70AE58A2-4BA2-4F5C-8A9F-9395D602955F}.Debug|Any CPU.Deploy.0 = Debug|Any CPU
		{70AE58A2-4BA2-4F5C-8A9F-9395D602955F}.Debug|ARM.ActiveCfg = Debug|Any CPU
		{70AE58A2-4BA2-4F5C-8A9F-9395D602955F}.Debug|ARM.Build.0 = Debug|Any CPU
		{70AE58A2-4BA2-4F5C-8A9F-9395D602955F}.Debug|ARM.Deploy.0 = Debug|Any CPU
		{70AE58A2-4BA2-4F5C-8A9F-9395D602955F}.Debug|iPhone.ActiveCfg = Debug|Any CPU
		{70AE58A2-4BA2-4F5C-8A9F-9395D602955F}.Debug|iPhone.Build.0 = Debug|Any CPU
		{70AE58A2-4BA2-4F5C-8A9F-9395D602955F}.Debug|iPhone.Deploy.0 = Debug|Any CPU
		{70AE58A2-4BA2-4F5C-8A9F-9395D602955F}.Debug|iPhoneSimulator.ActiveCfg = Debug|Any CPU
		{70AE58A2-4BA2-4F5C-8A9F-9395D602955F}.Debug|iPhoneSimulator.Build.0 = Debug|Any CPU
		{70AE58A2-4BA2-4F5C-8A9F-9395D602955F}.Debug|iPhoneSimulator.Deploy.0 = Debug|Any CPU
		{70AE58A2-4BA2-4F5C-8A9F-9395D602955F}.Debug|x64.ActiveCfg = Debug|Any CPU
		{70AE58A2-4BA2-4F5C-8A9F-9395D602955F}.Debug|x64.Build.0 = Debug|Any CPU
		{70AE58A2-4BA2-4F5C-8A9F-9395D602955F}.Debug|x64.Deploy.0 = Debug|Any CPU
		{70AE58A2-4BA2-4F5C-8A9F-9395D602955F}.Debug|x86.ActiveCfg = Debug|Any CPU
		{70AE58A2-4BA2-4F5C-8A9F-9395D602955F}.Debug|x86.Build.0 = Debug|Any CPU
		{70AE58A2-4BA2-4F5C-8A9F-9395D602955F}.Debug|x86.Deploy.0 = Debug|Any CPU
		{70AE58A2-4BA2-4F5C-8A9F-9395D602955F}.Release|Any CPU.ActiveCfg = Release|Any CPU
		{70AE58A2-4BA2-4F5C-8A9F-9395D602955F}.Release|Any CPU.Build.0 = Release|Any CPU
		{70AE58A2-4BA2-4F5C-8A9F-9395D602955F}.Release|Any CPU.Deploy.0 = Release|Any CPU
		{70AE58A2-4BA2-4F5C-8A9F-9395D602955F}.Release|ARM.ActiveCfg = Release|Any CPU
		{70AE58A2-4BA2-4F5C-8A9F-9395D602955F}.Release|ARM.Build.0 = Release|Any CPU
		{70AE58A2-4BA2-4F5C-8A9F-9395D602955F}.Release|ARM.Deploy.0 = Release|Any CPU
		{70AE58A2-4BA2-4F5C-8A9F-9395D602955F}.Release|iPhone.ActiveCfg = Release|Any CPU
		{70AE58A2-4BA2-4F5C-8A9F-9395D602955F}.Release|iPhone.Build.0 = Release|Any CPU
		{70AE58A2-4BA2-4F5C-8A9F-9395D602955F}.Release|iPhone.Deploy.0 = Release|Any CPU
		{70AE58A2-4BA2-4F5C-8A9F-9395D602955F}.Release|iPhoneSimulator.ActiveCfg = Release|Any CPU
		{70AE58A2-4BA2-4F5C-8A9F-9395D602955F}.Release|iPhoneSimulator.Build.0 = Release|Any CPU
		{70AE58A2-4BA2-4F5C-8A9F-9395D602955F}.Release|iPhoneSimulator.Deploy.0 = Release|Any CPU
		{70AE58A2-4BA2-4F5C-8A9F-9395D602955F}.Release|x64.ActiveCfg = Release|Any CPU
		{70AE58A2-4BA2-4F5C-8A9F-9395D602955F}.Release|x64.Build.0 = Release|Any CPU
		{70AE58A2-4BA2-4F5C-8A9F-9395D602955F}.Release|x64.Deploy.0 = Release|Any CPU
		{70AE58A2-4BA2-4F5C-8A9F-9395D602955F}.Release|x86.ActiveCfg = Release|Any CPU
		{70AE58A2-4BA2-4F5C-8A9F-9395D602955F}.Release|x86.Build.0 = Release|Any CPU
		{70AE58A2-4BA2-4F5C-8A9F-9395D602955F}.Release|x86.Deploy.0 = Release|Any CPU
	EndGlobalSection
	GlobalSection(SolutionProperties) = preSolution
		HideSolutionNode = FALSE
	EndGlobalSection
	GlobalSection(ExtensibilityGlobals) = postSolution
		SolutionGuid = {C724A9C9-BFF8-4884-BFE7-9BF30B162425}
	EndGlobalSection
EndGlobal
